
Microsoft Visual Studio Solution File, Format Version 12.00
# Visual Studio Version 16
VisualStudioVersion = 16.0.29911.84
MinimumVisualStudioVersion = 10.0.40219.1
Project("{FAE04EC0-301F-11D3-BF4B-00C04F79EFBC}") = "zaynabLara-homework4", "zaynabLara-homework4.csproj", "{A30F2043-F435-403A-BADD-8C1EAFC5245D}"
EndProject
Global
	GlobalSection(SolutionConfigurationPlatforms) = preSolution
		Debug|Any CPU = Debug|Any CPU
		Release|Any CPU = Release|Any CPU
	EndGlobalSection
	GlobalSection(ProjectConfigurationPlatforms) = postSolution
		{A30F2043-F435-403A-BADD-8C1EAFC5245D}.Debug|Any CPU.ActiveCfg = Debug|Any CPU
		{A30F2043-F435-403A-BADD-8C1EAFC5245D}.Debug|Any CPU.Build.0 = Debug|Any CPU
		{A30F2043-F435-403A-BADD-8C1EAFC5245D}.Release|Any CPU.ActiveCfg = Release|Any CPU
		{A30F2043-F435-403A-BADD-8C1EAFC5245D}.Release|Any CPU.Build.0 = Release|Any CPU
	EndGlobalSection
	GlobalSection(SolutionProperties) = preSolution
		HideSolutionNode = FALSE
	EndGlobalSection
	GlobalSection(ExtensibilityGlobals) = postSolution
		SolutionGuid = {141C67F3-ABEC-4959-B01D-187D6DA4621A}
	EndGlobalSection
EndGlobal
